// !$*UTF8*$!
{
	archiveVersion = 1;
	classes = {
	};
	objectVersion = 56;
	objects = {

/* Begin PBXBuildFile section */
		C51A71BB2CF3DF4500B5B6D6 /* AppDelegate.swift in Sources */ = {isa = PBXBuildFile; fileRef = C51A71BA2CF3DF4500B5B6D6 /* AppDelegate.swift */; };
		C51A71BD2CF3DF4500B5B6D6 /* SceneDelegate.swift in Sources */ = {isa = PBXBuildFile; fileRef = C51A71BC2CF3DF4500B5B6D6 /* SceneDelegate.swift */; };
		C51A71BF2CF3DF4500B5B6D6 /* ViewController.swift in Sources */ = {isa = PBXBuildFile; fileRef = C51A71BE2CF3DF4500B5B6D6 /* ViewController.swift */; };
		C51A71C22CF3DF4500B5B6D6 /* Main.storyboard in Resources */ = {isa = PBXBuildFile; fileRef = C51A71C02CF3DF4500B5B6D6 /* Main.storyboard */; };
		C51A71C42CF3DF4700B5B6D6 /* Assets.xcassets in Resources */ = {isa = PBXBuildFile; fileRef = C51A71C32CF3DF4700B5B6D6 /* Assets.xcassets */; };
		C51A71C72CF3DF4700B5B6D6 /* LaunchScreen.storyboard in Resources */ = {isa = PBXBuildFile; fileRef = C51A71C52CF3DF4700B5B6D6 /* LaunchScreen.storyboard */; };
		C51A71CF2CF3EAA200B5B6D6 /* CustomCollectionViewCell.swift in Sources */ = {isa = PBXBuildFile; fileRef = C51A71CE2CF3EAA200B5B6D6 /* CustomCollectionViewCell.swift */; };
		C5C9E3B42CF410EB002AB039 /* README.md in Resources */ = {isa = PBXBuildFile; fileRef = C5C9E3B32CF410EB002AB039 /* README.md */; };
/* End PBXBuildFile section */

/* Begin PBXFileReference section */
		C51A71B72CF3DF4500B5B6D6 /* CollectionViewPracticeSession1.app */ = {isa = PBXFileReference; explicitFileType = wrapper.application; includeInIndex = 0; path = CollectionViewPracticeSession1.app; sourceTree = BUILT_PRODUCTS_DIR; };
		C51A71BA2CF3DF4500B5B6D6 /* AppDelegate.swift */ = {isa = PBXFileReference; lastKnownFileType = sourcecode.swift; path = AppDelegate.swift; sourceTree = "<group>"; };
		C51A71BC2CF3DF4500B5B6D6 /* SceneDelegate.swift */ = {isa = PBXFileReference; lastKnownFileType = sourcecode.swift; path = SceneDelegate.swift; sourceTree = "<group>"; };
		C51A71BE2CF3DF4500B5B6D6 /* ViewController.swift */ = {isa = PBXFileReference; lastKnownFileType = sourcecode.swift; path = ViewController.swift; sourceTree = "<group>"; };
		C51A71C12CF3DF4500B5B6D6 /* Base */ = {isa = PBXFileReference; lastKnownFileType = file.storyboard; name = Base; path = Base.lproj/Main.storyboard; sourceTree = "<group>"; };
		C51A71C32CF3DF4700B5B6D6 /* Assets.xcassets */ = {isa = PBXFileReference; lastKnownFileType = folder.assetcatalog; path = Assets.xcassets; sourceTree = "<group>"; };
		C51A71C62CF3DF4700B5B6D6 /* Base */ = {isa = PBXFileReference; lastKnownFileType = file.storyboard; name = Base; path = Base.lproj/LaunchScreen.storyboard; sourceTree = "<group>"; };
		C51A71C82CF3DF4700B5B6D6 /* Info.plist */ = {isa = PBXFileReference; lastKnownFileType = text.plist.xml; path = Info.plist; sourceTree = "<group>"; };
		C51A71CE2CF3EAA200B5B6D6 /* CustomCollectionViewCell.swift */ = {isa = PBXFileReference; lastKnownFileType = sourcecode.swift; path = CustomCollectionViewCell.swift; sourceTree = "<group>"; };
		C5C9E3B32CF410EB002AB039 /* README.md */ = {isa = PBXFileReference; lastKnownFileType = net.daringfireball.markdown; path = README.md; sourceTree = "<group>"; };
/* End PBXFileReference section */

/* Begin PBXFrameworksBuildPhase section */
		C51A71B42CF3DF4500B5B6D6 /* Frameworks */ = {
			isa = PBXFrameworksBuildPhase;
			buildActionMask = 2147483647;
			files = (
			);
			runOnlyForDeploymentPostprocessing = 0;
		};
/* End PBXFrameworksBuildPhase section */

/* Begin PBXGroup section */
		C51A71AE2CF3DF4500B5B6D6 = {
			isa = PBXGroup;
			children = (
				C51A71B92CF3DF4500B5B6D6 /* CollectionViewPracticeSession1 */,
				C51A71B82CF3DF4500B5B6D6 /* Products */,
			);
			sourceTree = "<group>";
		};
		C51A71B82CF3DF4500B5B6D6 /* Products */ = {
			isa = PBXGroup;
			children = (
				C51A71B72CF3DF4500B5B6D6 /* CollectionViewPracticeSession1.app */,
			);
			name = Products;
			sourceTree = "<group>";
		};
		C51A71B92CF3DF4500B5B6D6 /* CollectionViewPracticeSession1 */ = {
			isa = PBXGroup;
			children = (
				C51A71BA2CF3DF4500B5B6D6 /* AppDelegate.swift */,
				C51A71BC2CF3DF4500B5B6D6 /* SceneDelegate.swift */,
				C51A71BE2CF3DF4500B5B6D6 /* ViewController.swift */,
				C51A71CE2CF3EAA200B5B6D6 /* CustomCollectionViewCell.swift */,
				C51A71C02CF3DF4500B5B6D6 /* Main.storyboard */,
				C51A71C32CF3DF4700B5B6D6 /* Assets.xcassets */,
				C51A71C52CF3DF4700B5B6D6 /* LaunchScreen.storyboard */,
				C51A71C82CF3DF4700B5B6D6 /* Info.plist */,
				C5C9E3B32CF410EB002AB039 /* README.md */,
			);
			path = CollectionViewPracticeSession1;
			sourceTree = "<group>";
		};
/* End PBXGroup section */

/* Begin PBXNativeTarget section */
		C51A71B62CF3DF4500B5B6D6 /* CollectionViewPracticeSession1 */ = {
			isa = PBXNativeTarget;
			buildConfigurationList = C51A71CB2CF3DF4700B5B6D6 /* Build configuration list for PBXNativeTarget "CollectionViewPracticeSession1" */;
			buildPhases = (
				C51A71B32CF3DF4500B5B6D6 /* Sources */,
				C51A71B42CF3DF4500B5B6D6 /* Frameworks */,
				C51A71B52CF3DF4500B5B6D6 /* Resources */,
			);
			buildRules = (
			);
			dependencies = (
			);
			name = CollectionViewPracticeSession1;
			productName = CollectionViewPracticeSession1;
			productReference = C51A71B72CF3DF4500B5B6D6 /* CollectionViewPracticeSession1.app */;
			productType = "com.apple.product-type.application";
		};
/* End PBXNativeTarget section */

/* Begin PBXProject section */
		C51A71AF2CF3DF4500B5B6D6 /* Project object */ = {
			isa = PBXProject;
			attributes = {
				BuildIndependentTargetsInParallel = 1;
				LastSwiftUpdateCheck = 1420;
				LastUpgradeCheck = 1420;
				TargetAttributes = {
					C51A71B62CF3DF4500B5B6D6 = {
						CreatedOnToolsVersion = 14.2;
					};
				};
			};
			buildConfigurationList = C51A71B22CF3DF4500B5B6D6 /* Build configuration list for PBXProject "CollectionViewPracticeSession1" */;
			compatibilityVersion = "Xcode 14.0";
			developmentRegion = en;
			hasScannedForEncodings = 0;
			knownRegions = (
				en,
				Base,
			);
			mainGroup = C51A71AE2CF3DF4500B5B6D6;
			productRefGroup = C51A71B82CF3DF4500B5B6D6 /* Products */;
			projectDirPath = "";
			projectRoot = "";
			targets = (
				C51A71B62CF3DF4500B5B6D6 /* CollectionViewPracticeSession1 */,
			);
		};
/* End PBXProject section */

/* Begin PBXResourcesBuildPhase section */
		C51A71B52CF3DF4500B5B6D6 /* Resources */ = {
			isa = PBXResourcesBuildPhase;
			buildActionMask = 2147483647;
			files = (
				C51A71C72CF3DF4700B5B6D6 /* LaunchScreen.storyboard in Resources */,
				C51A71C42CF3DF4700B5B6D6 /* Assets.xcassets in Resources */,
				C5C9E3B42CF410EB002AB039 /* README.md in Resources */,
				C51A71C22CF3DF4500B5B6D6 /* Main.storyboard in Resources */,
			);
			runOnlyForDeploymentPostprocessing = 0;
		};
/* End PBXResourcesBuildPhase section */

/* Begin PBXSourcesBuildPhase section */
		C51A71B32CF3DF4500B5B6D6 /* Sources */ = {
			isa = PBXSourcesBuildPhase;
			buildActionMask = 2147483647;
			files = (
				C51A71BF2CF3DF4500B5B6D6 /* ViewController.swift in Sources */,
				C51A71BB2CF3DF4500B5B6D6 /* AppDelegate.swift in Sources */,
				C51A71BD2CF3DF4500B5B6D6 /* SceneDelegate.swift in Sources */,
				C51A71CF2CF3EAA200B5B6D6 /* CustomCollectionViewCell.swift in Sources */,
			);
			runOnlyForDeploymentPostprocessing = 0;
		};
/* End PBXSourcesBuildPhase section */

/* Begin PBXVariantGroup section */
		C51A71C02CF3DF4500B5B6D6 /* Main.storyboard */ = {
			isa = PBXVariantGroup;
			children = (
				C51A71C12CF3DF4500B5B6D6 /* Base */,
			);
			name = Main.storyboard;
			sourceTree = "<group>";
		};
		C51A71C52CF3DF4700B5B6D6 /* LaunchScreen.storyboard */ = {
			isa = PBXVariantGroup;
			children = (
				C51A71C62CF3DF4700B5B6D6 /* Base */,
			);
			name = LaunchScreen.storyboard;
			sourceTree = "<group>";
		};
/* End PBXVariantGroup section */

/* Begin XCBuildConfiguration section */
		C51A71C92CF3DF4700B5B6D6 /* Debug */ = {
			isa = XCBuildConfiguration;
			buildSettings = {
				ALWAYS_SEARCH_USER_PATHS = NO;
				CLANG_ANALYZER_NONNULL = YES;
				CLANG_ANALYZER_NUMBER_OBJECT_CONVERSION = YES_AGGRESSIVE;
				CLANG_CXX_LANGUAGE_STANDARD = "gnu++20";
				CLANG_ENABLE_MODULES = YES;
				CLANG_ENABLE_OBJC_ARC = YES;
				CLANG_ENABLE_OBJC_WEAK = YES;
				CLANG_WARN_BLOCK_CAPTURE_AUTORELEASING = YES;
				CLANG_WARN_BOOL_CONVERSION = YES;
				CLANG_WARN_COMMA = YES;
				CLANG_WARN_CONSTANT_CONVERSION = YES;
				CLANG_WARN_DEPRECATED_OBJC_IMPLEMENTATIONS = YES;
				CLANG_WARN_DIRECT_OBJC_ISA_USAGE = YES_ERROR;
				CLANG_WARN_DOCUMENTATION_COMMENTS = YES;
				CLANG_WARN_EMPTY_BODY = YES;
				CLANG_WARN_ENUM_CONVERSION = YES;
				CLANG_WARN_INFINITE_RECURSION = YES;
				CLANG_WARN_INT_CONVERSION = YES;
				CLANG_WARN_NON_LITERAL_NULL_CONVERSION = YES;
				CLANG_WARN_OBJC_IMPLICIT_RETAIN_SELF = YES;
				CLANG_WARN_OBJC_LITERAL_CONVERSION = YES;
				CLANG_WARN_OBJC_ROOT_CLASS = YES_ERROR;
				CLANG_WARN_QUOTED_INCLUDE_IN_FRAMEWORK_HEADER = YES;
				CLANG_WARN_RANGE_LOOP_ANALYSIS = YES;
				CLANG_WARN_STRICT_PROTOTYPES = YES;
				CLANG_WARN_SUSPICIOUS_MOVE = YES;
				CLANG_WARN_UNGUARDED_AVAILABILITY = YES_AGGRESSIVE;
				CLANG_WARN_UNREACHABLE_CODE = YES;
				CLANG_WARN__DUPLICATE_METHOD_MATCH = YES;
				COPY_PHASE_STRIP = NO;
				DEBUG_INFORMATION_FORMAT = dwarf;
				ENABLE_STRICT_OBJC_MSGSEND = YES;
				ENABLE_TESTABILITY = YES;
				GCC_C_LANGUAGE_STANDARD = gnu11;
				GCC_DYNAMIC_NO_PIC = NO;
				GCC_NO_COMMON_BLOCKS = YES;
				GCC_OPTIMIZATION_LEVEL = 0;
				GCC_PREPROCESSOR_DEFINITIONS = (
					"DEBUG=1",
					"$(inherited)",
				);
				GCC_WARN_64_TO_32_BIT_CONVERSION = YES;
				GCC_WARN_ABOUT_RETURN_TYPE = YES_ERROR;
				GCC_WARN_UNDECLARED_SELECTOR = YES;
				GCC_WARN_UNINITIALIZED_AUTOS = YES_AGGRESSIVE;
				GCC_WARN_UNUSED_FUNCTION = YES;
				GCC_WARN_UNUSED_VARIABLE = YES;
				IPHONEOS_DEPLOYMENT_TARGET = 16.2;
				MTL_ENABLE_DEBUG_INFO = INCLUDE_SOURCE;
				MTL_FAST_MATH = YES;
				ONLY_ACTIVE_ARCH = YES;
				SDKROOT = iphoneos;
				SWIFT_ACTIVE_COMPILATION_CONDITIONS = DEBUG;
				SWIFT_OPTIMIZATION_LEVEL = "-Onone";
			};
			name = Debug;
		};
		C51A71CA2CF3DF4700B5B6D6 /* Release */ = {
			isa = XCBuildConfiguration;
			buildSettings = {
				ALWAYS_SEARCH_USER_PATHS = NO;
				CLANG_ANALYZER_NONNULL = YES;
				CLANG_ANALYZER_NUMBER_OBJECT_CONVERSION = YES_AGGRESSIVE;
				CLANG_CXX_LANGUAGE_STANDARD = "gnu++20";
				CLANG_ENABLE_MODULES = YES;
				CLANG_ENABLE_OBJC_ARC = YES;
				CLANG_ENABLE_OBJC_WEAK = YES;
				CLANG_WARN_BLOCK_CAPTURE_AUTORELEASING = YES;
				CLANG_WARN_BOOL_CONVERSION = YES;
				CLANG_WARN_COMMA = YES;
				CLANG_WARN_CONSTANT_CONVERSION = YES;
				CLANG_WARN_DEPRECATED_OBJC_IMPLEMENTATIONS = YES;
				CLANG_WARN_DIRECT_OBJC_ISA_USAGE = YES_ERROR;
				CLANG_WARN_DOCUMENTATION_COMMENTS = YES;
				CLANG_WARN_EMPTY_BODY = YES;
				CLANG_WARN_ENUM_CONVERSION = YES;
				CLANG_WARN_INFINITE_RECURSION = YES;
				CLANG_WARN_INT_CONVERSION = YES;
				CLANG_WARN_NON_LITERAL_NULL_CONVERSION = YES;
				CLANG_WARN_OBJC_IMPLICIT_RETAIN_SELF = YES;
				CLANG_WARN_OBJC_LITERAL_CONVERSION = YES;
				CLANG_WARN_OBJC_ROOT_CLASS = YES_ERROR;
				CLANG_WARN_QUOTED_INCLUDE_IN_FRAMEWORK_HEADER = YES;
				CLANG_WARN_RANGE_LOOP_ANALYSIS = YES;
				CLANG_WARN_STRICT_PROTOTYPES = YES;
				CLANG_WARN_SUSPICIOUS_MOVE = YES;
				CLANG_WARN_UNGUARDED_AVAILABILITY = YES_AGGRESSIVE;
				CLANG_WARN_UNREACHABLE_CODE = YES;
				CLANG_WARN__DUPLICATE_METHOD_MATCH = YES;
				COPY_PHASE_STRIP = NO;
				DEBUG_INFORMATION_FORMAT = "dwarf-with-dsym";
				ENABLE_NS_ASSERTIONS = NO;
				ENABLE_STRICT_OBJC_MSGSEND = YES;
				GCC_C_LANGUAGE_STANDARD = gnu11;
				GCC_NO_COMMON_BLOCKS = YES;
				GCC_WARN_64_TO_32_BIT_CONVERSION = YES;
				GCC_WARN_ABOUT_RETURN_TYPE = YES_ERROR;
				GCC_WARN_UNDECLARED_SELECTOR = YES;
				GCC_WARN_UNINITIALIZED_AUTOS = YES_AGGRESSIVE;
				GCC_WARN_UNUSED_FUNCTION = YES;
				GCC_WARN_UNUSED_VARIABLE = YES;
				IPHONEOS_DEPLOYMENT_TARGET = 16.2;
				MTL_ENABLE_DEBUG_INFO = NO;
				MTL_FAST_MATH = YES;
				SDKROOT = iphoneos;
				SWIFT_COMPILATION_MODE = wholemodule;
				SWIFT_OPTIMIZATION_LEVEL = "-O";
				VALIDATE_PRODUCT = YES;
			};
			name = Release;
		};
		C51A71CC2CF3DF4700B5B6D6 /* Debug */ = {
			isa = XCBuildConfiguration;
			buildSettings = {
				ASSETCATALOG_COMPILER_APPICON_NAME = AppIcon;
				ASSETCATALOG_COMPILER_GLOBAL_ACCENT_COLOR_NAME = AccentColor;
				CODE_SIGN_STYLE = Automatic;
				CURRENT_PROJECT_VERSION = 1;
				DEVELOPMENT_TEAM = 5CDGW4297F;
				GENERATE_INFOPLIST_FILE = YES;
				INFOPLIST_FILE = CollectionViewPracticeSession1/Info.plist;
				INFOPLIST_KEY_UIApplicationSupportsIndirectInputEvents = YES;
				INFOPLIST_KEY_UILaunchStoryboardName = LaunchScreen;
				INFOPLIST_KEY_UIMainStoryboardFile = Main;
				INFOPLIST_KEY_UISupportedInterfaceOrientations_iPad = "UIInterfaceOrientationPortrait UIInterfaceOrientationPortraitUpsideDown UIInterfaceOrientationLandscapeLeft UIInterfaceOrientationLandscapeRight";
				INFOPLIST_KEY_UISupportedInterfaceOrientations_iPhone = "UIInterfaceOrientationPortrait UIInterfaceOrientationLandscapeLeft UIInterfaceOrientationLandscapeRight";
				LD_RUNPATH_SEARCH_PATHS = (
					"$(inherited)",
					"@executable_path/Frameworks",
				);
				MARKETING_VERSION = 1.0;
				PRODUCT_BUNDLE_IDENTIFIER = com.matthewdolan.CollectionViewPracticeSession1;
				PRODUCT_NAME = "$(TARGET_NAME)";
				SWIFT_EMIT_LOC_STRINGS = YES;
				SWIFT_VERSION = 5.0;
				TARGETED_DEVICE_FAMILY = "1,2";
			};
			name = Debug;
		};
		C51A71CD2CF3DF4700B5B6D6 /* Release */ = {
			isa = XCBuildConfiguration;
			buildSettings = {
				ASSETCATALOG_COMPILER_APPICON_NAME = AppIcon;
				ASSETCATALOG_COMPILER_GLOBAL_ACCENT_COLOR_NAME = AccentColor;
				CODE_SIGN_STYLE = Automatic;
				CURRENT_PROJECT_VERSION = 1;
				DEVELOPMENT_TEAM = 5CDGW4297F;
				GENERATE_INFOPLIST_FILE = YES;
				INFOPLIST_FILE = CollectionViewPracticeSession1/Info.plist;
				INFOPLIST_KEY_UIApplicationSupportsIndirectInputEvents = YES;
				INFOPLIST_KEY_UILaunchStoryboardName = LaunchScreen;
				INFOPLIST_KEY_UIMainStoryboardFile = Main;
				INFOPLIST_KEY_UISupportedInterfaceOrientations_iPad = "UIInterfaceOrientationPortrait UIInterfaceOrientationPortraitUpsideDown UIInterfaceOrientationLandscapeLeft UIInterfaceOrientationLandscapeRight";
				INFOPLIST_KEY_UISupportedInterfaceOrientations_iPhone = "UIInterfaceOrientationPortrait UIInterfaceOrientationLandscapeLeft UIInterfaceOrientationLandscapeRight";
				LD_RUNPATH_SEARCH_PATHS = (
					"$(inherited)",
					"@executable_path/Frameworks",
				);
				MARKETING_VERSION = 1.0;
				PRODUCT_BUNDLE_IDENTIFIER = com.matthewdolan.CollectionViewPracticeSession1;
				PRODUCT_NAME = "$(TARGET_NAME)";
				SWIFT_EMIT_LOC_STRINGS = YES;
				SWIFT_VERSION = 5.0;
				TARGETED_DEVICE_FAMILY = "1,2";
			};
			name = Release;
		};
/* End XCBuildConfiguration section */

/* Begin XCConfigurationList section */
		C51A71B22CF3DF4500B5B6D6 /* Build configuration list for PBXProject "CollectionViewPracticeSession1" */ = {
			isa = XCConfigurationList;
			buildConfigurations = (
				C51A71C92CF3DF4700B5B6D6 /* Debug */,
				C51A71CA2CF3DF4700B5B6D6 /* Release */,
			);
			defaultConfigurationIsVisible = 0;
			defaultConfigurationName = Release;
		};
		C51A71CB2CF3DF4700B5B6D6 /* Build configuration list for PBXNativeTarget "CollectionViewPracticeSession1" */ = {
			isa = XCConfigurationList;
			buildConfigurations = (
				C51A71CC2CF3DF4700B5B6D6 /* Debug */,
				C51A71CD2CF3DF4700B5B6D6 /* Release */,
			);
			defaultConfigurationIsVisible = 0;
			defaultConfigurationName = Release;
		};
/* End XCConfigurationList section */
	};
	rootObject = C51A71AF2CF3DF4500B5B6D6 /* Project object */;
}
